
Microsoft Visual Studio Solution File, Format Version 12.00
# Visual Studio Version 16
VisualStudioVersion = 25.0.1704.0
MinimumVisualStudioVersion = 10.0.40219.1
Project("{FAE04EC0-301F-11D3-BF4B-00C04F79EFBC}") = "Generator.UI", "Generator.UI\Generator.UI.csproj", "{3A2C9197-E759-42B3-AF8D-B620527005F6}"
EndProject
Project("{FAE04EC0-301F-11D3-BF4B-00C04F79EFBC}") = "Generator.Shared", "Generator.Shared\Generator.Shared.csproj", "{8ACB25B5-89E3-44D1-8773-36284ED41983}"
EndProject
Project("{FAE04EC0-301F-11D3-BF4B-00C04F79EFBC}") = "Generator.Example", "Generator.Example\Generator.Example.csproj", "{45C85506-604A-427A-ABA2-0D2CE3BE920A}"
EndProject
Project("{E53339B2-1760-4266-BCC7-CA923CBCF16C}") = "docker-compose", "docker-compose.dcproj", "{955CAE48-72F4-4CAC-932B-F9814B162E21}"
EndProject
Project("{FAE04EC0-301F-11D3-BF4B-00C04F79EFBC}") = "Generator.Services", "Generator.Services\Generator.Services.csproj", "{7BE01FEF-FDE2-4CE1-9EC0-8CE772154444}"
EndProject
Project("{FAE04EC0-301F-11D3-BF4B-00C04F79EFBC}") = "Generator.Server", "Generator.Server\Generator.Server.csproj", "{B4D7DB3B-8C05-4DDA-A24B-5C7B248AE8B9}"
EndProject
Project("{FAE04EC0-301F-11D3-BF4B-00C04F79EFBC}") = "Generator.Components", "Generator.Components\Generator.Components.csproj", "{96AD83EE-4D0C-4B40-8ABD-D1ADEAA45C45}"
EndProject
Project("{FAE04EC0-301F-11D3-BF4B-00C04F79EFBC}") = "Generator.Examples.Shared", "Generator.Examples.Shared\Generator.Examples.Shared.csproj", "{EFBE3466-9CFC-4EE6-BCB0-C7B2C7B2DB06}"
EndProject
Project("{2150E333-8FDC-42A3-9474-1A3956D46DE8}") = "Solution Items", "Solution Items", "{DB6565F0-E079-450A-8142-DFFEEC4897E9}"
	ProjectSection(SolutionItems) = preProject
		.editorconfig = .editorconfig
	EndProjectSection
EndProject
Global
	GlobalSection(SolutionConfigurationPlatforms) = preSolution
		Debug|Any CPU = Debug|Any CPU
		Release|Any CPU = Release|Any CPU
	EndGlobalSection
	GlobalSection(ProjectConfigurationPlatforms) = postSolution
		{3A2C9197-E759-42B3-AF8D-B620527005F6}.Debug|Any CPU.ActiveCfg = Debug|Any CPU
		{3A2C9197-E759-42B3-AF8D-B620527005F6}.Debug|Any CPU.Build.0 = Debug|Any CPU
		{3A2C9197-E759-42B3-AF8D-B620527005F6}.Release|Any CPU.ActiveCfg = Release|Any CPU
		{3A2C9197-E759-42B3-AF8D-B620527005F6}.Release|Any CPU.Build.0 = Release|Any CPU
		{8ACB25B5-89E3-44D1-8773-36284ED41983}.Debug|Any CPU.ActiveCfg = Debug|Any CPU
		{8ACB25B5-89E3-44D1-8773-36284ED41983}.Debug|Any CPU.Build.0 = Debug|Any CPU
		{8ACB25B5-89E3-44D1-8773-36284ED41983}.Release|Any CPU.ActiveCfg = Release|Any CPU
		{8ACB25B5-89E3-44D1-8773-36284ED41983}.Release|Any CPU.Build.0 = Release|Any CPU
		{45C85506-604A-427A-ABA2-0D2CE3BE920A}.Debug|Any CPU.ActiveCfg = Debug|Any CPU
		{45C85506-604A-427A-ABA2-0D2CE3BE920A}.Debug|Any CPU.Build.0 = Debug|Any CPU
		{45C85506-604A-427A-ABA2-0D2CE3BE920A}.Release|Any CPU.ActiveCfg = Release|Any CPU
		{45C85506-604A-427A-ABA2-0D2CE3BE920A}.Release|Any CPU.Build.0 = Release|Any CPU
		{955CAE48-72F4-4CAC-932B-F9814B162E21}.Debug|Any CPU.ActiveCfg = Debug|Any CPU
		{955CAE48-72F4-4CAC-932B-F9814B162E21}.Debug|Any CPU.Build.0 = Debug|Any CPU
		{955CAE48-72F4-4CAC-932B-F9814B162E21}.Release|Any CPU.ActiveCfg = Release|Any CPU
		{955CAE48-72F4-4CAC-932B-F9814B162E21}.Release|Any CPU.Build.0 = Release|Any CPU
		{7BE01FEF-FDE2-4CE1-9EC0-8CE772154444}.Debug|Any CPU.ActiveCfg = Debug|Any CPU
		{7BE01FEF-FDE2-4CE1-9EC0-8CE772154444}.Debug|Any CPU.Build.0 = Debug|Any CPU
		{7BE01FEF-FDE2-4CE1-9EC0-8CE772154444}.Release|Any CPU.ActiveCfg = Release|Any CPU
		{7BE01FEF-FDE2-4CE1-9EC0-8CE772154444}.Release|Any CPU.Build.0 = Release|Any CPU
		{B4D7DB3B-8C05-4DDA-A24B-5C7B248AE8B9}.Debug|Any CPU.ActiveCfg = Debug|Any CPU
		{B4D7DB3B-8C05-4DDA-A24B-5C7B248AE8B9}.Debug|Any CPU.Build.0 = Debug|Any CPU
		{B4D7DB3B-8C05-4DDA-A24B-5C7B248AE8B9}.Release|Any CPU.ActiveCfg = Release|Any CPU
		{B4D7DB3B-8C05-4DDA-A24B-5C7B248AE8B9}.Release|Any CPU.Build.0 = Release|Any CPU
		{96AD83EE-4D0C-4B40-8ABD-D1ADEAA45C45}.Debug|Any CPU.ActiveCfg = Debug|Any CPU
		{96AD83EE-4D0C-4B40-8ABD-D1ADEAA45C45}.Debug|Any CPU.Build.0 = Debug|Any CPU
		{96AD83EE-4D0C-4B40-8ABD-D1ADEAA45C45}.Release|Any CPU.ActiveCfg = Release|Any CPU
		{96AD83EE-4D0C-4B40-8ABD-D1ADEAA45C45}.Release|Any CPU.Build.0 = Release|Any CPU
		{EFBE3466-9CFC-4EE6-BCB0-C7B2C7B2DB06}.Debug|Any CPU.ActiveCfg = Debug|Any CPU
		{EFBE3466-9CFC-4EE6-BCB0-C7B2C7B2DB06}.Debug|Any CPU.Build.0 = Debug|Any CPU
		{EFBE3466-9CFC-4EE6-BCB0-C7B2C7B2DB06}.Release|Any CPU.ActiveCfg = Release|Any CPU
		{EFBE3466-9CFC-4EE6-BCB0-C7B2C7B2DB06}.Release|Any CPU.Build.0 = Release|Any CPU
	EndGlobalSection
	GlobalSection(SolutionProperties) = preSolution
		HideSolutionNode = FALSE
	EndGlobalSection
	GlobalSection(ExtensibilityGlobals) = postSolution
		SolutionGuid = {C04A18C3-A86E-4817-8AED-1737F6783706}
	EndGlobalSection
EndGlobal
